version: v2
locks:
  f/research/run_research_windmill: 403d19dc1f9105f846b6501185bdd663fb61f41c0ba25ca997b9cc4242940251
  f/telegram/send_telegram_message: ad8f2fd4bf6b57da754071e648261cf31db43575d2fdf15d3c2d9daf40668912
  f/telegram/setup_telegram_webhook: 8dbf62403e3a6de4477d3ad0569782187a599fec6a4b39b6c779b3fc61d0ec59
  f/telegram/telegram_chat_agent: 6a1acb7f8617bc32887040ba346be38203ed8f86445e7fad7fa5d042ac16b982
  f/telegram/telegram_polling: 417639a578b7d3c62c97c4e6c004cd5e3360e7905a5b74d9009c295422db742b
  f/telegram/telegram_webhook: de9b8606125883a142e0a3da4e33b2d3500d1d3ebc528da14e1dacfa6e49ccad
  f/tools/fetch_url: 6da3e616a04d40911e00b1c007e0f5416dd69d75a3f75db10bb8010c4c86794e
  f/tools/search_memory: c4990dc29676bb79bdbeae9005d838c00ef79e5254cbae3fb1691599b47093c8
  f/tools/store_memory: b42e44e69e606261bfa5aebf120b3ff5d3f14a345a223f1bb6a6a6aab99c93f6
